<?xml version="1.0" encoding="utf-8"?>
<Project ToolsVersion="4.0" xmlns="http://schemas.microsoft.com/developer/msbuild/2003">
  <ItemGroup>
    <Filter Include="Resource Files">
      <UniqueIdentifier>{67DA6AB6-F800-4c08-8B7A-83BB121AAD01}</UniqueIdentifier>
      <Extensions>rc;ico;cur;bmp;dlg;rc2;rct;bin;rgs;gif;jpg;jpeg;jpe;resx;tiff;tif;png;wav;mfcribbon-ms</Extensions>
    </Filter>
    <Filter Include="Scene">
      <UniqueIdentifier>{854ac48d-3591-4630-81fe-4133fb305881}</UniqueIdentifier>
    </Filter>
    <Filter Include="No Category">
      <UniqueIdentifier>{bf335b5c-ae6d-40ca-9063-1e22a51c19b6}</UniqueIdentifier>
    </Filter>
  </ItemGroup>
  <ItemGroup>
    <ClCompile Include="Scene.cpp">
      <Filter>Scene</Filter>
    </ClCompile>
    <ClCompile Include="Button.cpp">
      <Filter>No Category</Filter>
    </ClCompile>
    <ClCompile Include="Game.cpp">
      <Filter>No Category</Filter>
    </ClCompile>
    <ClCompile Include="main.cpp">
      <Filter>No Category</Filter>
    </ClCompile>
    <ClCompile Include="GameManager.cpp" />
  </ItemGroup>
  <ItemGroup>
    <ClInclude Include="Scene.h">
      <Filter>Scene</Filter>
    </ClInclude>
    <ClInclude Include="Button.h">
      <Filter>No Category</Filter>
    </ClInclude>
    <ClInclude Include="Game.h">
      <Filter>No Category</Filter>
    </ClInclude>
    <ClInclude Include="GameManager.h" />
  </ItemGroup>
</Project>